
Microsoft Visual Studio Solution File, Format Version 12.00
# Visual Studio Version 17
VisualStudioVersion = 17.3.32929.385
MinimumVisualStudioVersion = 10.0.40219.1
Project("{F184B08F-C81C-45F6-A57F-5ABD9991F28F}") = "Salary Calculator", "Salary Calculator.vbproj", "{F88F34C5-8FF8-409E-A26F-F3016AEBEB82}"
EndProject
Global
	GlobalSection(SolutionConfigurationPlatforms) = preSolution
		Debug|Any CPU = Debug|Any CPU
		Release|Any CPU = Release|Any CPU
	EndGlobalSection
	GlobalSection(ProjectConfigurationPlatforms) = postSolution
		{F88F34C5-8FF8-409E-A26F-F3016AEBEB82}.Debug|Any CPU.ActiveCfg = Debug|Any CPU
		{F88F34C5-8FF8-409E-A26F-F3016AEBEB82}.Debug|Any CPU.Build.0 = Debug|Any CPU
		{F88F34C5-8FF8-409E-A26F-F3016AEBEB82}.Release|Any CPU.ActiveCfg = Release|Any CPU
		{F88F34C5-8FF8-409E-A26F-F3016AEBEB82}.Release|Any CPU.Build.0 = Release|Any CPU
	EndGlobalSection
	GlobalSection(SolutionProperties) = preSolution
		HideSolutionNode = FALSE
	EndGlobalSection
	GlobalSection(ExtensibilityGlobals) = postSolution
		SolutionGuid = {AC4C8B98-FADA-48D4-AE90-C7AF1D04DC1F}
	EndGlobalSection
EndGlobal
